
Microsoft Visual Studio Solution File, Format Version 12.00
# Visual Studio 2013
VisualStudioVersion = 12.0.21005.1
MinimumVisualStudioVersion = 10.0.40219.1
Project("{8BC9CEB8-8B4A-11D0-8D11-00A0C91BC942}") = "PTLib", "PTLib\PTLib.vcxproj", "{8DF8570B-CAA5-4784-A9C5-07388E8D09A2}"
EndProject
Project("{8BC9CEB8-8B4A-11D0-8D11-00A0C91BC942}") = "PTLibTest", "PTLibTest\PTLibTest.vcxproj", "{B27F1D03-7E8F-4939-BB1D-AB2800BAFF30}"
EndProject
Global
	GlobalSection(SolutionConfigurationPlatforms) = preSolution
		Debug|Win32 = Debug|Win32
		Debug|x64 = Debug|x64
		Release|Win32 = Release|Win32
		Release|x64 = Release|x64
	EndGlobalSection
	GlobalSection(ProjectConfigurationPlatforms) = postSolution
		{8DF8570B-CAA5-4784-A9C5-07388E8D09A2}.Debug|Win32.ActiveCfg = Debug|Win32
		{8DF8570B-CAA5-4784-A9C5-07388E8D09A2}.Debug|Win32.Build.0 = Debug|Win32
		{8DF8570B-CAA5-4784-A9C5-07388E8D09A2}.Debug|x64.ActiveCfg = Debug|x64
		{8DF8570B-CAA5-4784-A9C5-07388E8D09A2}.Debug|x64.Build.0 = Debug|x64
		{8DF8570B-CAA5-4784-A9C5-07388E8D09A2}.Release|Win32.ActiveCfg = Release|Win32
		{8DF8570B-CAA5-4784-A9C5-07388E8D09A2}.Release|Win32.Build.0 = Release|Win32
		{8DF8570B-CAA5-4784-A9C5-07388E8D09A2}.Release|x64.ActiveCfg = Release|x64
		{8DF8570B-CAA5-4784-A9C5-07388E8D09A2}.Release|x64.Build.0 = Release|x64
		{B27F1D03-7E8F-4939-BB1D-AB2800BAFF30}.Debug|Win32.ActiveCfg = Debug|Win32
		{B27F1D03-7E8F-4939-BB1D-AB2800BAFF30}.Debug|Win32.Build.0 = Debug|Win32
		{B27F1D03-7E8F-4939-BB1D-AB2800BAFF30}.Debug|x64.ActiveCfg = Debug|x64
		{B27F1D03-7E8F-4939-BB1D-AB2800BAFF30}.Debug|x64.Build.0 = Debug|x64
		{B27F1D03-7E8F-4939-BB1D-AB2800BAFF30}.Release|Win32.ActiveCfg = Release|Win32
		{B27F1D03-7E8F-4939-BB1D-AB2800BAFF30}.Release|Win32.Build.0 = Release|Win32
		{B27F1D03-7E8F-4939-BB1D-AB2800BAFF30}.Release|x64.ActiveCfg = Release|x64
		{B27F1D03-7E8F-4939-BB1D-AB2800BAFF30}.Release|x64.Build.0 = Release|x64
	EndGlobalSection
	GlobalSection(SolutionProperties) = preSolution
		HideSolutionNode = FALSE
	EndGlobalSection
EndGlobal
